
Microsoft Visual Studio Solution File, Format Version 12.00
# Visual Studio Version 17
VisualStudioVersion = 17.3.32901.215
MinimumVisualStudioVersion = 10.0.40219.1
Project("{FAE04EC0-301F-11D3-BF4B-00C04F79EFBC}") = "Module 13.6 FinalTask 2", "Module 13.6 FinalTask 2\Module 13.6 FinalTask 2.csproj", "{80FA7FCE-5339-4760-B0EA-AB385AED08F0}"
EndProject
Global
	GlobalSection(SolutionConfigurationPlatforms) = preSolution
		Debug|Any CPU = Debug|Any CPU
		Release|Any CPU = Release|Any CPU
	EndGlobalSection
	GlobalSection(ProjectConfigurationPlatforms) = postSolution
		{80FA7FCE-5339-4760-B0EA-AB385AED08F0}.Debug|Any CPU.ActiveCfg = Debug|Any CPU
		{80FA7FCE-5339-4760-B0EA-AB385AED08F0}.Debug|Any CPU.Build.0 = Debug|Any CPU
		{80FA7FCE-5339-4760-B0EA-AB385AED08F0}.Release|Any CPU.ActiveCfg = Release|Any CPU
		{80FA7FCE-5339-4760-B0EA-AB385AED08F0}.Release|Any CPU.Build.0 = Release|Any CPU
	EndGlobalSection
	GlobalSection(SolutionProperties) = preSolution
		HideSolutionNode = FALSE
	EndGlobalSection
	GlobalSection(ExtensibilityGlobals) = postSolution
		SolutionGuid = {700E5023-801A-4673-A7D0-73DA6C859B0E}
	EndGlobalSection
EndGlobal
